
Microsoft Visual Studio Solution File, Format Version 12.00
# Visual Studio 15
VisualStudioVersion = 15.0.27428.2043
MinimumVisualStudioVersion = 10.0.40219.1
Project("{FAE04EC0-301F-11D3-BF4B-00C04F79EFBC}") = "test", "test\test.csproj", "{394CB8AF-13A4-4E86-B4D1-3AF90FFACE8E}"
EndProject
Global
	GlobalSection(SolutionConfigurationPlatforms) = preSolution
		Debug|Any CPU = Debug|Any CPU
		Release|Any CPU = Release|Any CPU
	EndGlobalSection
	GlobalSection(ProjectConfigurationPlatforms) = postSolution
		{394CB8AF-13A4-4E86-B4D1-3AF90FFACE8E}.Debug|Any CPU.ActiveCfg = Debug|Any CPU
		{394CB8AF-13A4-4E86-B4D1-3AF90FFACE8E}.Debug|Any CPU.Build.0 = Debug|Any CPU
		{394CB8AF-13A4-4E86-B4D1-3AF90FFACE8E}.Release|Any CPU.ActiveCfg = Release|Any CPU
		{394CB8AF-13A4-4E86-B4D1-3AF90FFACE8E}.Release|Any CPU.Build.0 = Release|Any CPU
	EndGlobalSection
	GlobalSection(SolutionProperties) = preSolution
		HideSolutionNode = FALSE
	EndGlobalSection
	GlobalSection(ExtensibilityGlobals) = postSolution
		SolutionGuid = {73946EEC-4E40-4360-AEE0-CF22D2AC99F4}
	EndGlobalSection
EndGlobal
